# THIS IS AN AUTOGENERATED FILE. DO NOT EDIT THIS FILE DIRECTLY.
# yarn lockfile v1


"@uirouter/angularjs@^1.0.22":
  version "1.0.22"
  resolved "https://registry.yarnpkg.com/@uirouter/angularjs/-/angularjs-1.0.22.tgz#581ab38794a2d7c2790851087072c4066b2b6c46"
  integrity sha512-d0SvdbXAav+Z6gCJd7gmn2eXEUtO3RvYcSLwtPaE8+7QiWHpSKNfGdD4D3noXhO2yUTz/AwaxsiRFMCwgVI0UQ==
  dependencies:
    "@uirouter/core" "5.0.23"

"@uirouter/core@5.0.23":
  version "5.0.23"
  resolved "https://registry.yarnpkg.com/@uirouter/core/-/core-5.0.23.tgz#363b4bea635a1b48900dc7e65793a65a3b58a79e"
  integrity sha512-rwFOH++z/KY8y+h0IOpQ5uC8Nim6E0EBCQrIjhVCr+XKYXgpK+VdtuOLFdogvbJ3AAi5Z7ei00qdEr7Did5CAg==

angular-animate@^1.7.8:
  version "1.7.8"
  resolved "https://registry.yarnpkg.com/angular-animate/-/angular-animate-1.7.8.tgz#c95f237efe7ecfe0e6003adb5e2c7ef0e5a2b9d4"
  integrity sha512-bINtzizq7TbJzfVrDpwLfTxVl0Qd7fRNWFb5jKYI1vaFZobQNX/QONXlLow6ySsDbZ6eLECycB7mvWtfh1YYaw==

angular-aria@^1.7.8:
  version "1.7.8"
  resolved "https://registry.yarnpkg.com/angular-aria/-/angular-aria-1.7.8.tgz#3954250ef516b57cdd3cdf41ff4ee6fcfdc84ceb"
  integrity sha512-facq/111sZKL2wUUqRA1GnGt+lZ8KAcX9Aw04cNA+OyEkoaoRC77NY4VSOTQxghlSd0OPAdLeFnmETnuiWrpLg==

angular-material@^1.1.19:
  version "1.1.19"
  resolved "https://registry.yarnpkg.com/angular-material/-/angular-material-1.1.19.tgz#1c30b3143edd8765660ff30367d9fed03c29338d"
  integrity sha512-R46TfnVsAkhRDcsbrFR5DB+Ja4LpPGugAQDHYItcvLYCIkVMf07cIx1q6WyFPiZQVwz3j+ECMveqsjX+jEUrgg==

angular-messages@^1.7.8:
  version "1.7.8"
  resolved "https://registry.yarnpkg.com/angular-messages/-/angular-messages-1.7.8.tgz#746da9c955f855ef6ceac34b2a5eb8b1b12e6a78"
  integrity sha512-e7Oq4ugdTcAp4kLP9TNOh6mfSsYO2Uwf7NavLuNWqahDGRHYXilo2gcI/vxmFjPBOwAmreXrhYlpGLlJdzxfQg==

angular-resource@^1.7.8:
  version "1.7.8"
  resolved "https://registry.yarnpkg.com/angular-resource/-/angular-resource-1.7.8.tgz#9577dbcc02cdbb76398febc5fc7ee103c86c5c50"
  integrity sha512-zuPQ0ZX9Q8WnZ0KMtJlKYUSIXWRQSbFzMkRV9zG8cYYSsMAZlXar5Hqmd5gzxC3O28AGM7BCEJ+iYs3UNL4qdA==

angular@^1.7.8:
  version "1.7.8"
  resolved "https://registry.yarnpkg.com/angular/-/angular-1.7.8.tgz#b77ede272ce1b261e3be30c1451a0b346905a3c9"
  integrity sha512-wtef/y4COxM7ZVhddd7JtAAhyYObq9YXKar9tsW7558BImeVYteJiTxCKeJOL45lJ/+7B4wrAC49j8gTFYEthg==
